
Microsoft Visual Studio Solution File, Format Version 12.00
# Visual Studio Version 16
VisualStudioVersion = 16.0.30907.101
MinimumVisualStudioVersion = 10.0.40219.1
Project("{FAE04EC0-301F-11D3-BF4B-00C04F79EFBC}") = "HTTP5101Assignment2Navaneeth", "HTTP5101Assignment2Navaneeth\HTTP5101Assignment2Navaneeth.csproj", "{052CB5AB-E9FB-4BC7-8D2B-4C44B9CDC2C5}"
EndProject
Global
	GlobalSection(SolutionConfigurationPlatforms) = preSolution
		Debug|Any CPU = Debug|Any CPU
		Release|Any CPU = Release|Any CPU
	EndGlobalSection
	GlobalSection(ProjectConfigurationPlatforms) = postSolution
		{052CB5AB-E9FB-4BC7-8D2B-4C44B9CDC2C5}.Debug|Any CPU.ActiveCfg = Debug|Any CPU
		{052CB5AB-E9FB-4BC7-8D2B-4C44B9CDC2C5}.Debug|Any CPU.Build.0 = Debug|Any CPU
		{052CB5AB-E9FB-4BC7-8D2B-4C44B9CDC2C5}.Release|Any CPU.ActiveCfg = Release|Any CPU
		{052CB5AB-E9FB-4BC7-8D2B-4C44B9CDC2C5}.Release|Any CPU.Build.0 = Release|Any CPU
	EndGlobalSection
	GlobalSection(SolutionProperties) = preSolution
		HideSolutionNode = FALSE
	EndGlobalSection
	GlobalSection(ExtensibilityGlobals) = postSolution
		SolutionGuid = {6197DEEB-601C-490C-8144-D8C042F88E19}
	EndGlobalSection
EndGlobal
